Microsoft Visual Studio Solution File, Format Version 12.00
# Visual Studio Version 17
VisualStudioVersion = 17.5.2.0
MinimumVisualStudioVersion = 10.0.40219.1
Project("{FAE04EC0-301F-11D3-BF4B-00C04F79EFBC}") = "chain-of-responsibility", "chain-of-responsibility.csproj", "{74F6C4F9-C4EF-CD9C-4A8F-35E8CC83B4F7}"
EndProject
Global
	GlobalSection(SolutionConfigurationPlatforms) = preSolution
		Debug|Any CPU = Debug|Any CPU
		Release|Any CPU = Release|Any CPU
	EndGlobalSection
	GlobalSection(ProjectConfigurationPlatforms) = postSolution
		{74F6C4F9-C4EF-CD9C-4A8F-35E8CC83B4F7}.Debug|Any CPU.ActiveCfg = Debug|Any CPU
		{74F6C4F9-C4EF-CD9C-4A8F-35E8CC83B4F7}.Debug|Any CPU.Build.0 = Debug|Any CPU
		{74F6C4F9-C4EF-CD9C-4A8F-35E8CC83B4F7}.Release|Any CPU.ActiveCfg = Release|Any CPU
		{74F6C4F9-C4EF-CD9C-4A8F-35E8CC83B4F7}.Release|Any CPU.Build.0 = Release|Any CPU
	EndGlobalSection
	GlobalSection(SolutionProperties) = preSolution
		HideSolutionNode = FALSE
	EndGlobalSection
	GlobalSection(ExtensibilityGlobals) = postSolution
		SolutionGuid = {841F9A8E-FFBF-4C85-B575-863C681EDE32}
	EndGlobalSection
EndGlobal
